
Microsoft Visual Studio Solution File, Format Version 12.00
# Visual Studio Version 16
VisualStudioVersion = 16.0.30717.126
MinimumVisualStudioVersion = 10.0.40219.1
Project("{FAE04EC0-301F-11D3-BF4B-00C04F79EFBC}") = "NET_WForms_1", "NET_WForms_1.csproj", "{BB69B85A-1CBA-4E91-9314-736717C77B10}"
EndProject
Global
	GlobalSection(SolutionConfigurationPlatforms) = preSolution
		Debug|Any CPU = Debug|Any CPU
		Release|Any CPU = Release|Any CPU
	EndGlobalSection
	GlobalSection(ProjectConfigurationPlatforms) = postSolution
		{BB69B85A-1CBA-4E91-9314-736717C77B10}.Debug|Any CPU.ActiveCfg = Debug|Any CPU
		{BB69B85A-1CBA-4E91-9314-736717C77B10}.Debug|Any CPU.Build.0 = Debug|Any CPU
		{BB69B85A-1CBA-4E91-9314-736717C77B10}.Release|Any CPU.ActiveCfg = Release|Any CPU
		{BB69B85A-1CBA-4E91-9314-736717C77B10}.Release|Any CPU.Build.0 = Release|Any CPU
	EndGlobalSection
	GlobalSection(SolutionProperties) = preSolution
		HideSolutionNode = FALSE
	EndGlobalSection
	GlobalSection(ExtensibilityGlobals) = postSolution
		SolutionGuid = {C8C0081C-22BC-4748-BC99-871206EF1466}
	EndGlobalSection
EndGlobal
