
Microsoft Visual Studio Solution File, Format Version 12.00
# Visual Studio Version 16
VisualStudioVersion = 16.0.30717.126
MinimumVisualStudioVersion = 10.0.40219.1
Project("{FAE04EC0-301F-11D3-BF4B-00C04F79EFBC}") = "NET_WForms_3", "NET_WForms_3.csproj", "{0286FB9B-6A5E-45FB-83AC-4956C8FD75CD}"
EndProject
Global
	GlobalSection(SolutionConfigurationPlatforms) = preSolution
		Debug|Any CPU = Debug|Any CPU
		Release|Any CPU = Release|Any CPU
	EndGlobalSection
	GlobalSection(ProjectConfigurationPlatforms) = postSolution
		{0286FB9B-6A5E-45FB-83AC-4956C8FD75CD}.Debug|Any CPU.ActiveCfg = Debug|Any CPU
		{0286FB9B-6A5E-45FB-83AC-4956C8FD75CD}.Debug|Any CPU.Build.0 = Debug|Any CPU
		{0286FB9B-6A5E-45FB-83AC-4956C8FD75CD}.Release|Any CPU.ActiveCfg = Release|Any CPU
		{0286FB9B-6A5E-45FB-83AC-4956C8FD75CD}.Release|Any CPU.Build.0 = Release|Any CPU
	EndGlobalSection
	GlobalSection(SolutionProperties) = preSolution
		HideSolutionNode = FALSE
	EndGlobalSection
	GlobalSection(ExtensibilityGlobals) = postSolution
		SolutionGuid = {E4DFFF0A-1482-4C41-AA35-E532EE846613}
	EndGlobalSection
EndGlobal
